
Microsoft Visual Studio Solution File, Format Version 12.00
# Visual Studio 15
VisualStudioVersion = 15.0.27428.2037
MinimumVisualStudioVersion = 10.0.40219.1
Project("{8BC9CEB8-8B4A-11D0-8D11-00A0C91BC942}") = "hello_opencv", "hello_opencv\hello_opencv.vcxproj", "{9A5CA011-35FF-405E-8E10-B3B6F7381218}"
EndProject
Global
	GlobalSection(SolutionConfigurationPlatforms) = preSolution
		Debug|x64 = Debug|x64
		Debug|x86 = Debug|x86
		Release|x64 = Release|x64
		Release|x86 = Release|x86
	EndGlobalSection
	GlobalSection(ProjectConfigurationPlatforms) = postSolution
		{9A5CA011-35FF-405E-8E10-B3B6F7381218}.Debug|x64.ActiveCfg = Debug|x64
		{9A5CA011-35FF-405E-8E10-B3B6F7381218}.Debug|x64.Build.0 = Debug|x64
		{9A5CA011-35FF-405E-8E10-B3B6F7381218}.Debug|x86.ActiveCfg = Debug|Win32
		{9A5CA011-35FF-405E-8E10-B3B6F7381218}.Debug|x86.Build.0 = Debug|Win32
		{9A5CA011-35FF-405E-8E10-B3B6F7381218}.Release|x64.ActiveCfg = Release|x64
		{9A5CA011-35FF-405E-8E10-B3B6F7381218}.Release|x64.Build.0 = Release|x64
		{9A5CA011-35FF-405E-8E10-B3B6F7381218}.Release|x86.ActiveCfg = Release|Win32
		{9A5CA011-35FF-405E-8E10-B3B6F7381218}.Release|x86.Build.0 = Release|Win32
	EndGlobalSection
	GlobalSection(SolutionProperties) = preSolution
		HideSolutionNode = FALSE
	EndGlobalSection
	GlobalSection(ExtensibilityGlobals) = postSolution
		SolutionGuid = {FB5C6FD9-26B7-45D3-A912-DAEC86A9A05A}
	EndGlobalSection
EndGlobal
